
Microsoft Visual Studio Solution File, Format Version 12.00
# Visual Studio 15
Project("{FAE04EC0-301F-11D3-BF4B-00C04F79EFBC}") = "Assembly-CSharp", "Assembly-CSharp.csproj", "{79BF8813-BCCB-2584-C956-FD491B7D51E5}"
EndProject
Project("{FAE04EC0-301F-11D3-BF4B-00C04F79EFBC}") = "Assembly-CSharp-Editor", "Assembly-CSharp-Editor.csproj", "{04B66826-1875-0127-71F9-899C2FB79806}"
EndProject
Global
	GlobalSection(SolutionConfigurationPlatforms) = preSolution
		Debug|Any CPU = Debug|Any CPU
		Release|Any CPU = Release|Any CPU
	EndGlobalSection
	GlobalSection(ProjectConfigurationPlatforms) = postSolution
		{79BF8813-BCCB-2584-C956-FD491B7D51E5}.Debug|Any CPU.ActiveCfg = Debug|Any CPU
		{79BF8813-BCCB-2584-C956-FD491B7D51E5}.Debug|Any CPU.Build.0 = Debug|Any CPU
		{79BF8813-BCCB-2584-C956-FD491B7D51E5}.Release|Any CPU.ActiveCfg = Release|Any CPU
		{79BF8813-BCCB-2584-C956-FD491B7D51E5}.Release|Any CPU.Build.0 = Release|Any CPU
		{04B66826-1875-0127-71F9-899C2FB79806}.Debug|Any CPU.ActiveCfg = Debug|Any CPU
		{04B66826-1875-0127-71F9-899C2FB79806}.Debug|Any CPU.Build.0 = Debug|Any CPU
		{04B66826-1875-0127-71F9-899C2FB79806}.Release|Any CPU.ActiveCfg = Release|Any CPU
		{04B66826-1875-0127-71F9-899C2FB79806}.Release|Any CPU.Build.0 = Release|Any CPU
	EndGlobalSection
	GlobalSection(SolutionProperties) = preSolution
		HideSolutionNode = FALSE
	EndGlobalSection
EndGlobal
